
Microsoft Visual Studio Solution File, Format Version 12.00
# Visual Studio Version 17
VisualStudioVersion = 17.6.33829.357
MinimumVisualStudioVersion = 10.0.40219.1
Project("{8BC9CEB8-8B4A-11D0-8D11-00A0C91BC942}") = "Orderbook", "Orderbook.vcxproj", "{45A9FB49-16CB-4B90-9892-C64FAAE27E36}"
EndProject
Project("{8BC9CEB8-8B4A-11D0-8D11-00A0C91BC942}") = "OrderbookTest", "OrderbookTest\OrderbookTest.vcxproj", "{04E903DA-9C4E-4C33-98AF-BA64327E5341}"
EndProject
Global
	GlobalSection(SolutionConfigurationPlatforms) = preSolution
		Debug|x64 = Debug|x64
		Debug|x86 = Debug|x86
		Release|x64 = Release|x64
		Release|x86 = Release|x86
	EndGlobalSection
	GlobalSection(ProjectConfigurationPlatforms) = postSolution
		{45A9FB49-16CB-4B90-9892-C64FAAE27E36}.Debug|x64.ActiveCfg = Debug|x64
		{45A9FB49-16CB-4B90-9892-C64FAAE27E36}.Debug|x64.Build.0 = Debug|x64
		{45A9FB49-16CB-4B90-9892-C64FAAE27E36}.Debug|x86.ActiveCfg = Debug|Win32
		{45A9FB49-16CB-4B90-9892-C64FAAE27E36}.Debug|x86.Build.0 = Debug|Win32
		{45A9FB49-16CB-4B90-9892-C64FAAE27E36}.Release|x64.ActiveCfg = Release|x64
		{45A9FB49-16CB-4B90-9892-C64FAAE27E36}.Release|x64.Build.0 = Release|x64
		{45A9FB49-16CB-4B90-9892-C64FAAE27E36}.Release|x86.ActiveCfg = Release|Win32
		{45A9FB49-16CB-4B90-9892-C64FAAE27E36}.Release|x86.Build.0 = Release|Win32
		{04E903DA-9C4E-4C33-98AF-BA64327E5341}.Debug|x64.ActiveCfg = Debug|x64
		{04E903DA-9C4E-4C33-98AF-BA64327E5341}.Debug|x64.Build.0 = Debug|x64
		{04E903DA-9C4E-4C33-98AF-BA64327E5341}.Debug|x86.ActiveCfg = Debug|Win32
		{04E903DA-9C4E-4C33-98AF-BA64327E5341}.Debug|x86.Build.0 = Debug|Win32
		{04E903DA-9C4E-4C33-98AF-BA64327E5341}.Release|x64.ActiveCfg = Release|x64
		{04E903DA-9C4E-4C33-98AF-BA64327E5341}.Release|x64.Build.0 = Release|x64
		{04E903DA-9C4E-4C33-98AF-BA64327E5341}.Release|x86.ActiveCfg = Release|Win32
		{04E903DA-9C4E-4C33-98AF-BA64327E5341}.Release|x86.Build.0 = Release|Win32
	EndGlobalSection
	GlobalSection(SolutionProperties) = preSolution
		HideSolutionNode = FALSE
	EndGlobalSection
	GlobalSection(ExtensibilityGlobals) = postSolution
		SolutionGuid = {4C2C296A-FE8B-4413-A097-96A37A0DFA4A}
	EndGlobalSection
EndGlobal
